
Microsoft Visual Studio Solution File, Format Version 12.00
# Visual Studio Version 16
VisualStudioVersion = 16.0.29424.173
MinimumVisualStudioVersion = 10.0.40219.1
Project("{9A19103F-16F7-4668-BE54-9A1E7A4F7556}") = "RiskDeskDev.Deal2", "Deal2\RiskDeskDev.Deal2.csproj", "{7032CE1E-1845-4C90-8020-0E9EB5DA5DAF}"
EndProject
Project("{9A19103F-16F7-4668-BE54-9A1E7A4F7556}") = "RiskDeskDev.Web", "RiskDesk\RiskDeskDev.Web.csproj", "{0686AD3D-143D-4CA2-B58F-C5390A8F0C32}"
EndProject
Global
	GlobalSection(SolutionConfigurationPlatforms) = preSolution
		Debug|Any CPU = Debug|Any CPU
		Release|Any CPU = Release|Any CPU
	EndGlobalSection
	GlobalSection(ProjectConfigurationPlatforms) = postSolution
		{7032CE1E-1845-4C90-8020-0E9EB5DA5DAF}.Debug|Any CPU.ActiveCfg = Debug|Any CPU
		{7032CE1E-1845-4C90-8020-0E9EB5DA5DAF}.Debug|Any CPU.Build.0 = Debug|Any CPU
		{7032CE1E-1845-4C90-8020-0E9EB5DA5DAF}.Release|Any CPU.ActiveCfg = Release|Any CPU
		{7032CE1E-1845-4C90-8020-0E9EB5DA5DAF}.Release|Any CPU.Build.0 = Release|Any CPU
		{0686AD3D-143D-4CA2-B58F-C5390A8F0C32}.Debug|Any CPU.ActiveCfg = Debug|Any CPU
		{0686AD3D-143D-4CA2-B58F-C5390A8F0C32}.Debug|Any CPU.Build.0 = Debug|Any CPU
		{0686AD3D-143D-4CA2-B58F-C5390A8F0C32}.Release|Any CPU.ActiveCfg = Release|Any CPU
		{0686AD3D-143D-4CA2-B58F-C5390A8F0C32}.Release|Any CPU.Build.0 = Release|Any CPU
	EndGlobalSection
	GlobalSection(SolutionProperties) = preSolution
		HideSolutionNode = FALSE
	EndGlobalSection
	GlobalSection(ExtensibilityGlobals) = postSolution
		SolutionGuid = {2951FBFE-867C-4853-9724-C85AD9B8FB5B}
	EndGlobalSection
EndGlobal
